
Microsoft Visual Studio Solution File, Format Version 12.00
# Visual Studio 15
VisualStudioVersion = 15.0.28307.572
MinimumVisualStudioVersion = 10.0.40219.1
Project("{FAE04EC0-301F-11D3-BF4B-00C04F79EFBC}") = "WindowsFormsApp1", "WindowsFormsApp1\WindowsFormsApp1.csproj", "{363514DA-4894-46A9-829F-D85E27815E07}"
EndProject
Global
	GlobalSection(SolutionConfigurationPlatforms) = preSolution
		Debug|Any CPU = Debug|Any CPU
		Release|Any CPU = Release|Any CPU
	EndGlobalSection
	GlobalSection(ProjectConfigurationPlatforms) = postSolution
		{363514DA-4894-46A9-829F-D85E27815E07}.Debug|Any CPU.ActiveCfg = Debug|Any CPU
		{363514DA-4894-46A9-829F-D85E27815E07}.Debug|Any CPU.Build.0 = Debug|Any CPU
		{363514DA-4894-46A9-829F-D85E27815E07}.Release|Any CPU.ActiveCfg = Release|Any CPU
		{363514DA-4894-46A9-829F-D85E27815E07}.Release|Any CPU.Build.0 = Release|Any CPU
	EndGlobalSection
	GlobalSection(SolutionProperties) = preSolution
		HideSolutionNode = FALSE
	EndGlobalSection
	GlobalSection(ExtensibilityGlobals) = postSolution
		SolutionGuid = {D5BF3BC0-8588-4CD7-A5DB-3E7627644A5E}
	EndGlobalSection
EndGlobal
